
Microsoft Visual Studio Solution File, Format Version 12.00
# Visual Studio Version 17
VisualStudioVersion = 17.0.32112.339
MinimumVisualStudioVersion = 10.0.40219.1
Project("{9A19103F-16F7-4668-BE54-9A1E7A4F7556}") = "FunctionAppTests", "FunctionAppTests\FunctionAppTests.csproj", "{E7537B79-37E3-4F51-A1F7-8D139B1AF739}"
EndProject
Project("{2150E333-8FDC-42A3-9474-1A3956D46DE8}") = "AzureFunction", "AzureFunction", "{678A38C3-925A-4F8E-A8AD-833FB03B089C}"
EndProject
Project("{2150E333-8FDC-42A3-9474-1A3956D46DE8}") = "MessageBasedCommunication", "MessageBasedCommunication", "{BD5AA145-7C62-474E-BE09-FB1902831041}"
EndProject
Project("{9A19103F-16F7-4668-BE54-9A1E7A4F7556}") = "MessageBasedCommunication.ConsoleApp", "ServiceBus.ConsoleApp\MessageBasedCommunication.ConsoleApp.csproj", "{2102E1D2-2F9A-4398-829E-9A2BDE069749}"
EndProject
Project("{2150E333-8FDC-42A3-9474-1A3956D46DE8}") = "Solution Items", "Solution Items", "{796CA24A-B4A8-453E-8CB8-9C8C596FDB5B}"
	ProjectSection(SolutionItems) = preProject
		.editorconfig = .editorconfig
	EndProjectSection
EndProject
Project("{9A19103F-16F7-4668-BE54-9A1E7A4F7556}") = "FunctionApp", "FunctionApp\FunctionApp.csproj", "{E4F83648-4814-4ABE-BE18-63742375063E}"
EndProject
Project("{2150E333-8FDC-42A3-9474-1A3956D46DE8}") = "Javascript", "Javascript", "{A7557620-207B-45EF-9D2E-17082C992819}"
EndProject
Project("{54A90642-561A-4BB1-A94E-469ADEE60C69}") = "vueproject", "VueProject\vueproject.esproj", "{980CD6F4-6329-4542-9385-C16C4CD4A69C}"
EndProject
Global
	GlobalSection(SolutionConfigurationPlatforms) = preSolution
		Debug|Any CPU = Debug|Any CPU
		Release|Any CPU = Release|Any CPU
	EndGlobalSection
	GlobalSection(ProjectConfigurationPlatforms) = postSolution
		{E7537B79-37E3-4F51-A1F7-8D139B1AF739}.Debug|Any CPU.ActiveCfg = Debug|Any CPU
		{E7537B79-37E3-4F51-A1F7-8D139B1AF739}.Debug|Any CPU.Build.0 = Debug|Any CPU
		{E7537B79-37E3-4F51-A1F7-8D139B1AF739}.Release|Any CPU.ActiveCfg = Release|Any CPU
		{E7537B79-37E3-4F51-A1F7-8D139B1AF739}.Release|Any CPU.Build.0 = Release|Any CPU
		{2102E1D2-2F9A-4398-829E-9A2BDE069749}.Debug|Any CPU.ActiveCfg = Debug|Any CPU
		{2102E1D2-2F9A-4398-829E-9A2BDE069749}.Debug|Any CPU.Build.0 = Debug|Any CPU
		{2102E1D2-2F9A-4398-829E-9A2BDE069749}.Release|Any CPU.ActiveCfg = Release|Any CPU
		{2102E1D2-2F9A-4398-829E-9A2BDE069749}.Release|Any CPU.Build.0 = Release|Any CPU
		{E4F83648-4814-4ABE-BE18-63742375063E}.Debug|Any CPU.ActiveCfg = Debug|Any CPU
		{E4F83648-4814-4ABE-BE18-63742375063E}.Debug|Any CPU.Build.0 = Debug|Any CPU
		{E4F83648-4814-4ABE-BE18-63742375063E}.Release|Any CPU.ActiveCfg = Release|Any CPU
		{E4F83648-4814-4ABE-BE18-63742375063E}.Release|Any CPU.Build.0 = Release|Any CPU
		{980CD6F4-6329-4542-9385-C16C4CD4A69C}.Debug|Any CPU.ActiveCfg = Debug|Any CPU
		{980CD6F4-6329-4542-9385-C16C4CD4A69C}.Debug|Any CPU.Build.0 = Debug|Any CPU
		{980CD6F4-6329-4542-9385-C16C4CD4A69C}.Debug|Any CPU.Deploy.0 = Debug|Any CPU
		{980CD6F4-6329-4542-9385-C16C4CD4A69C}.Release|Any CPU.ActiveCfg = Release|Any CPU
		{980CD6F4-6329-4542-9385-C16C4CD4A69C}.Release|Any CPU.Build.0 = Release|Any CPU
		{980CD6F4-6329-4542-9385-C16C4CD4A69C}.Release|Any CPU.Deploy.0 = Release|Any CPU
	EndGlobalSection
	GlobalSection(SolutionProperties) = preSolution
		HideSolutionNode = FALSE
	EndGlobalSection
	GlobalSection(NestedProjects) = preSolution
		{E7537B79-37E3-4F51-A1F7-8D139B1AF739} = {678A38C3-925A-4F8E-A8AD-833FB03B089C}
		{2102E1D2-2F9A-4398-829E-9A2BDE069749} = {BD5AA145-7C62-474E-BE09-FB1902831041}
		{E4F83648-4814-4ABE-BE18-63742375063E} = {678A38C3-925A-4F8E-A8AD-833FB03B089C}
		{A7557620-207B-45EF-9D2E-17082C992819} = {678A38C3-925A-4F8E-A8AD-833FB03B089C}
		{980CD6F4-6329-4542-9385-C16C4CD4A69C} = {A7557620-207B-45EF-9D2E-17082C992819}
	EndGlobalSection
	GlobalSection(ExtensibilityGlobals) = postSolution
		SolutionGuid = {DBBF77DE-FFA7-4385-85AA-4EA55ED3BC6A}
	EndGlobalSection
EndGlobal
